
Microsoft Visual Studio Solution File, Format Version 12.00
# Visual Studio Version 17
VisualStudioVersion = 17.3.32922.545
MinimumVisualStudioVersion = 10.0.40219.1
Project("{FAE04EC0-301F-11D3-BF4B-00C04F79EFBC}") = "17", "17.csproj", "{C35B19E0-F5CF-4171-802C-ED874BA7947D}"
EndProject
Global
	GlobalSection(SolutionConfigurationPlatforms) = preSolution
		Debug|Any CPU = Debug|Any CPU
		Release|Any CPU = Release|Any CPU
	EndGlobalSection
	GlobalSection(ProjectConfigurationPlatforms) = postSolution
		{C35B19E0-F5CF-4171-802C-ED874BA7947D}.Debug|Any CPU.ActiveCfg = Debug|Any CPU
		{C35B19E0-F5CF-4171-802C-ED874BA7947D}.Debug|Any CPU.Build.0 = Debug|Any CPU
		{C35B19E0-F5CF-4171-802C-ED874BA7947D}.Release|Any CPU.ActiveCfg = Release|Any CPU
		{C35B19E0-F5CF-4171-802C-ED874BA7947D}.Release|Any CPU.Build.0 = Release|Any CPU
	EndGlobalSection
	GlobalSection(SolutionProperties) = preSolution
		HideSolutionNode = FALSE
	EndGlobalSection
	GlobalSection(ExtensibilityGlobals) = postSolution
		SolutionGuid = {8B8C1069-3DA5-424A-AFC6-94910C61721A}
	EndGlobalSection
EndGlobal
