
Microsoft Visual Studio Solution File, Format Version 12.00
# Visual Studio Version 17
VisualStudioVersion = 17.3.32922.545
MinimumVisualStudioVersion = 10.0.40219.1
Project("{FAE04EC0-301F-11D3-BF4B-00C04F79EFBC}") = "13", "13.csproj", "{011F5D26-9E45-4E18-9A4C-5D5E32C40D7F}"
EndProject
Global
	GlobalSection(SolutionConfigurationPlatforms) = preSolution
		Debug|Any CPU = Debug|Any CPU
		Release|Any CPU = Release|Any CPU
	EndGlobalSection
	GlobalSection(ProjectConfigurationPlatforms) = postSolution
		{011F5D26-9E45-4E18-9A4C-5D5E32C40D7F}.Debug|Any CPU.ActiveCfg = Debug|Any CPU
		{011F5D26-9E45-4E18-9A4C-5D5E32C40D7F}.Debug|Any CPU.Build.0 = Debug|Any CPU
		{011F5D26-9E45-4E18-9A4C-5D5E32C40D7F}.Release|Any CPU.ActiveCfg = Release|Any CPU
		{011F5D26-9E45-4E18-9A4C-5D5E32C40D7F}.Release|Any CPU.Build.0 = Release|Any CPU
	EndGlobalSection
	GlobalSection(SolutionProperties) = preSolution
		HideSolutionNode = FALSE
	EndGlobalSection
	GlobalSection(ExtensibilityGlobals) = postSolution
		SolutionGuid = {A0993D9B-F675-427B-9346-FB9DE8ACDE10}
	EndGlobalSection
EndGlobal
